{
  "name": "coreds",
  "version": "1.2.1",
  "lockfileVersion": 1,
  "requires": true,
  "dependencies": {
    "@types/numeral": {
      "version": "0.0.16",
      "resolved": "https://registry.npmjs.org/@types/numeral/-/numeral-0.0.16.tgz",
      "integrity": "sha1-ocIlsSZvZOSjzb5RWiZvAbbonfE="
    },
    "numeral": {
      "version": "1.5.6",
      "resolved": "https://registry.npmjs.org/numeral/-/numeral-1.5.6.tgz",
      "integrity": "sha1-ODHbloRRuc9q/5v5WSXx7443sz8="
    },
    "typescript": {
      "version": "2.9.2",
      "resolved": "https://registry.npmjs.org/typescript/-/typescript-2.9.2.tgz",
      "integrity": "sha512-Gr4p6nFNaoufRIY4NMdpQRNmgxVIGMs4Fcu/ujdYk3nAZqk7supzBE9idmvfZIlH/Cuj//dvi+019qEue9lV0w==",
      "dev": true
    }
  }
}
